
Microsoft Visual Studio Solution File, Format Version 12.00
# Visual Studio 2015
Project("{FAE04EC0-301F-11D3-BF4B-00C04F79EFBC}") = "ProceFlowers.CSharp", "ProceFlowers.CSharp.csproj", "{ECBF2D30-A2B1-1FA3-A176-2BAF9CA2D3ED}"
EndProject
Global
	GlobalSection(SolutionConfigurationPlatforms) = preSolution
		Debug|Any CPU = Debug|Any CPU
		Release|Any CPU = Release|Any CPU
	EndGlobalSection
	GlobalSection(ProjectConfigurationPlatforms) = postSolution
		{ECBF2D30-A2B1-1FA3-A176-2BAF9CA2D3ED}.Debug|Any CPU.ActiveCfg = Debug|Any CPU
		{ECBF2D30-A2B1-1FA3-A176-2BAF9CA2D3ED}.Debug|Any CPU.Build.0 = Debug|Any CPU
		{ECBF2D30-A2B1-1FA3-A176-2BAF9CA2D3ED}.Release|Any CPU.ActiveCfg = Release|Any CPU
		{ECBF2D30-A2B1-1FA3-A176-2BAF9CA2D3ED}.Release|Any CPU.Build.0 = Release|Any CPU
	EndGlobalSection
	GlobalSection(SolutionProperties) = preSolution
		HideSolutionNode = FALSE
	EndGlobalSection
EndGlobal
